
Microsoft Visual Studio Solution File, Format Version 12.00
# Visual Studio Version 16
VisualStudioVersion = 16.0.30717.126
MinimumVisualStudioVersion = 10.0.40219.1
Project("{FAE04EC0-301F-11D3-BF4B-00C04F79EFBC}") = "WebApiCRUD", "WebApiCRUD\WebApiCRUD.csproj", "{94FAA621-89D1-4573-971D-74264037F9C5}"
EndProject
Global
	GlobalSection(SolutionConfigurationPlatforms) = preSolution
		Debug|Any CPU = Debug|Any CPU
		Release|Any CPU = Release|Any CPU
	EndGlobalSection
	GlobalSection(ProjectConfigurationPlatforms) = postSolution
		{94FAA621-89D1-4573-971D-74264037F9C5}.Debug|Any CPU.ActiveCfg = Debug|Any CPU
		{94FAA621-89D1-4573-971D-74264037F9C5}.Debug|Any CPU.Build.0 = Debug|Any CPU
		{94FAA621-89D1-4573-971D-74264037F9C5}.Release|Any CPU.ActiveCfg = Release|Any CPU
		{94FAA621-89D1-4573-971D-74264037F9C5}.Release|Any CPU.Build.0 = Release|Any CPU
	EndGlobalSection
	GlobalSection(SolutionProperties) = preSolution
		HideSolutionNode = FALSE
	EndGlobalSection
	GlobalSection(ExtensibilityGlobals) = postSolution
		SolutionGuid = {801DB167-70E8-484F-A17E-6F5D0A42204F}
	EndGlobalSection
EndGlobal
